// !$*UTF8*$!
{
	archiveVersion = 1;
	classes = {
	};
	objectVersion = 46;
	objects = {

/* Begin PBXBuildFile section */
		854033961CB4285F00C0C7FD /* AppDelegate.swift in Sources */ = {isa = PBXBuildFile; fileRef = 854033951CB4285F00C0C7FD /* AppDelegate.swift */; };
		854033981CB4285F00C0C7FD /* ViewController.swift in Sources */ = {isa = PBXBuildFile; fileRef = 854033971CB4285F00C0C7FD /* ViewController.swift */; };
		8540339B1CB4285F00C0C7FD /* Main.storyboard in Resources */ = {isa = PBXBuildFile; fileRef = 854033991CB4285F00C0C7FD /* Main.storyboard */; };
		8540339D1CB4285F00C0C7FD /* Assets.xcassets in Resources */ = {isa = PBXBuildFile; fileRef = 8540339C1CB4285F00C0C7FD /* Assets.xcassets */; };
		854033A01CB4285F00C0C7FD /* LaunchScreen.storyboard in Resources */ = {isa = PBXBuildFile; fileRef = 8540339E1CB4285F00C0C7FD /* LaunchScreen.storyboard */; };
		854033AB1CB4285F00C0C7FD /* ScoutTests.swift in Sources */ = {isa = PBXBuildFile; fileRef = 854033AA1CB4285F00C0C7FD /* ScoutTests.swift */; };
		854033B61CB4285F00C0C7FD /* ScoutUITests.swift in Sources */ = {isa = PBXBuildFile; fileRef = 854033B51CB4285F00C0C7FD /* ScoutUITests.swift */; };
		B40CDDD80DE8BCFB267C4232 /* Pods.framework in Frameworks */ = {isa = PBXBuildFile; fileRef = EC71DE5EEE15515E5CFA97C3 /* Pods.framework */; };
/* End PBXBuildFile section */

/* Begin PBXContainerItemProxy section */
		854033A71CB4285F00C0C7FD /* PBXContainerItemProxy */ = {
			isa = PBXContainerItemProxy;
			containerPortal = 8540338A1CB4285F00C0C7FD /* Project object */;
			proxyType = 1;
			remoteGlobalIDString = 854033911CB4285F00C0C7FD;
			remoteInfo = Scout;
		};
		854033B21CB4285F00C0C7FD /* PBXContainerItemProxy */ = {
			isa = PBXContainerItemProxy;
			containerPortal = 8540338A1CB4285F00C0C7FD /* Project object */;
			proxyType = 1;
			remoteGlobalIDString = 854033911CB4285F00C0C7FD;
			remoteInfo = Scout;
		};
/* End PBXContainerItemProxy section */

/* Begin PBXFileReference section */
		186FF89BE6D121DEF0D90A25 /* Pods.debug.xcconfig */ = {isa = PBXFileReference; includeInIndex = 1; lastKnownFileType = text.xcconfig; name = Pods.debug.xcconfig; path = "Pods/Target Support Files/Pods/Pods.debug.xcconfig"; sourceTree = "<group>"; };
		854033921CB4285F00C0C7FD /* Scout.app */ = {isa = PBXFileReference; explicitFileType = wrapper.application; includeInIndex = 0; path = Scout.app; sourceTree = BUILT_PRODUCTS_DIR; };
		854033951CB4285F00C0C7FD /* AppDelegate.swift */ = {isa = PBXFileReference; lastKnownFileType = sourcecode.swift; path = AppDelegate.swift; sourceTree = "<group>"; };
		854033971CB4285F00C0C7FD /* ViewController.swift */ = {isa = PBXFileReference; lastKnownFileType = sourcecode.swift; path = ViewController.swift; sourceTree = "<group>"; };
		8540339A1CB4285F00C0C7FD /* Base */ = {isa = PBXFileReference; lastKnownFileType = file.storyboard; name = Base; path = Base.lproj/Main.storyboard; sourceTree = "<group>"; };
		8540339C1CB4285F00C0C7FD /* Assets.xcassets */ = {isa = PBXFileReference; lastKnownFileType = folder.assetcatalog; path = Assets.xcassets; sourceTree = "<group>"; };
		8540339F1CB4285F00C0C7FD /* Base */ = {isa = PBXFileReference; lastKnownFileType = file.storyboard; name = Base; path = Base.lproj/LaunchScreen.storyboard; sourceTree = "<group>"; };
		854033A11CB4285F00C0C7FD /* Info.plist */ = {isa = PBXFileReference; lastKnownFileType = text.plist.xml; path = Info.plist; sourceTree = "<group>"; };
		854033A61CB4285F00C0C7FD /* ScoutTests.xctest */ = {isa = PBXFileReference; explicitFileType = wrapper.cfbundle; includeInIndex = 0; path = ScoutTests.xctest; sourceTree = BUILT_PRODUCTS_DIR; };
		854033AA1CB4285F00C0C7FD /* ScoutTests.swift */ = {isa = PBXFileReference; lastKnownFileType = sourcecode.swift; path = ScoutTests.swift; sourceTree = "<group>"; };
		854033AC1CB4285F00C0C7FD /* Info.plist */ = {isa = PBXFileReference; lastKnownFileType = text.plist.xml; path = Info.plist; sourceTree = "<group>"; };
		854033B11CB4285F00C0C7FD /* ScoutUITests.xctest */ = {isa = PBXFileReference; explicitFileType = wrapper.cfbundle; includeInIndex = 0; path = ScoutUITests.xctest; sourceTree = BUILT_PRODUCTS_DIR; };
		854033B51CB4285F00C0C7FD /* ScoutUITests.swift */ = {isa = PBXFileReference; lastKnownFileType = sourcecode.swift; path = ScoutUITests.swift; sourceTree = "<group>"; };
		854033B71CB4285F00C0C7FD /* Info.plist */ = {isa = PBXFileReference; lastKnownFileType = text.plist.xml; path = Info.plist; sourceTree = "<group>"; };
		9FA66CFFAC2BBD18A1C06C38 /* Pods.release.xcconfig */ = {isa = PBXFileReference; includeInIndex = 1; lastKnownFileType = text.xcconfig; name = Pods.release.xcconfig; path = "Pods/Target Support Files/Pods/Pods.release.xcconfig"; sourceTree = "<group>"; };
		EC71DE5EEE15515E5CFA97C3 /* Pods.framework */ = {isa = PBXFileReference; explicitFileType = wrapper.framework; includeInIndex = 0; path = Pods.framework; sourceTree = BUILT_PRODUCTS_DIR; };
/* End PBXFileReference section */

/* Begin PBXFrameworksBuildPhase section */
		8540338F1CB4285F00C0C7FD /* Frameworks */ = {
			isa = PBXFrameworksBuildPhase;
			buildActionMask = 2147483647;
			files = (
				B40CDDD80DE8BCFB267C4232 /* Pods.framework in Frameworks */,
			);
			runOnlyForDeploymentPostprocessing = 0;
		};
		854033A31CB4285F00C0C7FD /* Frameworks */ = {
			isa = PBXFrameworksBuildPhase;
			buildActionMask = 2147483647;
			files = (
			);
			runOnlyForDeploymentPostprocessing = 0;
		};
		854033AE1CB4285F00C0C7FD /* Frameworks */ = {
			isa = PBXFrameworksBuildPhase;
			buildActionMask = 2147483647;
			files = (
			);
			runOnlyForDeploymentPostprocessing = 0;
		};
/* End PBXFrameworksBuildPhase section */

/* Begin PBXGroup section */
		56A878DC79B62459CDBA8985 /* Frameworks */ = {
			isa = PBXGroup;
			children = (
				EC71DE5EEE15515E5CFA97C3 /* Pods.framework */,
			);
			name = Frameworks;
			sourceTree = "<group>";
		};
		854033891CB4285F00C0C7FD = {
			isa = PBXGroup;
			children = (
				854033941CB4285F00C0C7FD /* Scout */,
				854033A91CB4285F00C0C7FD /* ScoutTests */,
				854033B41CB4285F00C0C7FD /* ScoutUITests */,
				854033931CB4285F00C0C7FD /* Products */,
				C0B719B03E56A6470A31C5AC /* Pods */,
				56A878DC79B62459CDBA8985 /* Frameworks */,
			);
			sourceTree = "<group>";
		};
		854033931CB4285F00C0C7FD /* Products */ = {
			isa = PBXGroup;
			children = (
				854033921CB4285F00C0C7FD /* Scout.app */,
				854033A61CB4285F00C0C7FD /* ScoutTests.xctest */,
				854033B11CB4285F00C0C7FD /* ScoutUITests.xctest */,
			);
			name = Products;
			sourceTree = "<group>";
		};
		854033941CB4285F00C0C7FD /* Scout */ = {
			isa = PBXGroup;
			children = (
				854033951CB4285F00C0C7FD /* AppDelegate.swift */,
				854033971CB4285F00C0C7FD /* ViewController.swift */,
				854033991CB4285F00C0C7FD /* Main.storyboard */,
				8540339C1CB4285F00C0C7FD /* Assets.xcassets */,
				8540339E1CB4285F00C0C7FD /* LaunchScreen.storyboard */,
				854033A11CB4285F00C0C7FD /* Info.plist */,
			);
			path = Scout;
			sourceTree = "<group>";
		};
		854033A91CB4285F00C0C7FD /* ScoutTests */ = {
			isa = PBXGroup;
			children = (
				854033AA1CB4285F00C0C7FD /* ScoutTests.swift */,
				854033AC1CB4285F00C0C7FD /* Info.plist */,
			);
			path = ScoutTests;
			sourceTree = "<group>";
		};
		854033B41CB4285F00C0C7FD /* ScoutUITests */ = {
			isa = PBXGroup;
			children = (
				854033B51CB4285F00C0C7FD /* ScoutUITests.swift */,
				854033B71CB4285F00C0C7FD /* Info.plist */,
			);
			path = ScoutUITests;
			sourceTree = "<group>";
		};
		C0B719B03E56A6470A31C5AC /* Pods */ = {
			isa = PBXGroup;
			children = (
				186FF89BE6D121DEF0D90A25 /* Pods.debug.xcconfig */,
				9FA66CFFAC2BBD18A1C06C38 /* Pods.release.xcconfig */,
			);
			name = Pods;
			sourceTree = "<group>";
		};
/* End PBXGroup section */

/* Begin PBXNativeTarget section */
		854033911CB4285F00C0C7FD /* Scout */ = {
			isa = PBXNativeTarget;
			buildConfigurationList = 854033BA1CB4285F00C0C7FD /* Build configuration list for PBXNativeTarget "Scout" */;
			buildPhases = (
				B1DA58EA17F6B979F90D7936 /* Check Pods Manifest.lock */,
				8540338E1CB4285F00C0C7FD /* Sources */,
				8540338F1CB4285F00C0C7FD /* Frameworks */,
				854033901CB4285F00C0C7FD /* Resources */,
				77A3A527F6C5219239E6FC7A /* Embed Pods Frameworks */,
				91BA4DD643FA724E22E9F8C8 /* Copy Pods Resources */,
			);
			buildRules = (
			);
			dependencies = (
			);
			name = Scout;
			productName = Scout;
			productReference = 854033921CB4285F00C0C7FD /* Scout.app */;
			productType = "com.apple.product-type.application";
		};
		854033A51CB4285F00C0C7FD /* ScoutTests */ = {
			isa = PBXNativeTarget;
			buildConfigurationList = 854033BD1CB4285F00C0C7FD /* Build configuration list for PBXNativeTarget "ScoutTests" */;
			buildPhases = (
				854033A21CB4285F00C0C7FD /* Sources */,
				854033A31CB4285F00C0C7FD /* Frameworks */,
				854033A41CB4285F00C0C7FD /* Resources */,
			);
			buildRules = (
			);
			dependencies = (
				854033A81CB4285F00C0C7FD /* PBXTargetDependency */,
			);
			name = ScoutTests;
			productName = ScoutTests;
			productReference = 854033A61CB4285F00C0C7FD /* ScoutTests.xctest */;
			productType = "com.apple.product-type.bundle.unit-test";
		};
		854033B01CB4285F00C0C7FD /* ScoutUITests */ = {
			isa = PBXNativeTarget;
			buildConfigurationList = 854033C01CB4285F00C0C7FD /* Build configuration list for PBXNativeTarget "ScoutUITests" */;
			buildPhases = (
				854033AD1CB4285F00C0C7FD /* Sources */,
				854033AE1CB4285F00C0C7FD /* Frameworks */,
				854033AF1CB4285F00C0C7FD /* Resources */,
			);
			buildRules = (
			);
			dependencies = (
				854033B31CB4285F00C0C7FD /* PBXTargetDependency */,
			);
			name = ScoutUITests;
			productName = ScoutUITests;
			productReference = 854033B11CB4285F00C0C7FD /* ScoutUITests.xctest */;
			productType = "com.apple.product-type.bundle.ui-testing";
		};
/* End PBXNativeTarget section */

/* Begin PBXProject section */
		8540338A1CB4285F00C0C7FD /* Project object */ = {
			isa = PBXProject;
			attributes = {
				LastSwiftUpdateCheck = 0730;
				LastUpgradeCheck = 0730;
				ORGANIZATIONNAME = "Charlon Palacay";
				TargetAttributes = {
					854033911CB4285F00C0C7FD = {
						CreatedOnToolsVersion = 7.3;
						DevelopmentTeam = AC6929M8ED;
					};
					854033A51CB4285F00C0C7FD = {
						CreatedOnToolsVersion = 7.3;
						DevelopmentTeam = AC6929M8ED;
						TestTargetID = 854033911CB4285F00C0C7FD;
					};
					854033B01CB4285F00C0C7FD = {
						CreatedOnToolsVersion = 7.3;
						DevelopmentTeam = AC6929M8ED;
						TestTargetID = 854033911CB4285F00C0C7FD;
					};
				};
			};
			buildConfigurationList = 8540338D1CB4285F00C0C7FD /* Build configuration list for PBXProject "Scout" */;
			compatibilityVersion = "Xcode 3.2";
			developmentRegion = English;
			hasScannedForEncodings = 0;
			knownRegions = (
				en,
				Base,
			);
			mainGroup = 854033891CB4285F00C0C7FD;
			productRefGroup = 854033931CB4285F00C0C7FD /* Products */;
			projectDirPath = "";
			projectRoot = "";
			targets = (
				854033911CB4285F00C0C7FD /* Scout */,
				854033A51CB4285F00C0C7FD /* ScoutTests */,
				854033B01CB4285F00C0C7FD /* ScoutUITests */,
			);
		};
/* End PBXProject section */

/* Begin PBXResourcesBuildPhase section */
		854033901CB4285F00C0C7FD /* Resources */ = {
			isa = PBXResourcesBuildPhase;
			buildActionMask = 2147483647;
			files = (
				854033A01CB4285F00C0C7FD /* LaunchScreen.storyboard in Resources */,
				8540339D1CB4285F00C0C7FD /* Assets.xcassets in Resources */,
				8540339B1CB4285F00C0C7FD /* Main.storyboard in Resources */,
			);
			runOnlyForDeploymentPostprocessing = 0;
		};
		854033A41CB4285F00C0C7FD /* Resources */ = {
			isa = PBXResourcesBuildPhase;
			buildActionMask = 2147483647;
			files = (
			);
			runOnlyForDeploymentPostprocessing = 0;
		};
		854033AF1CB4285F00C0C7FD /* Resources */ = {
			isa = PBXResourcesBuildPhase;
			buildActionMask = 2147483647;
			files = (
			);
			runOnlyForDeploymentPostprocessing = 0;
		};
/* End PBXResourcesBuildPhase section */

/* Begin PBXShellScriptBuildPhase section */
		77A3A527F6C5219239E6FC7A /* Embed Pods Frameworks */ = {
			isa = PBXShellScriptBuildPhase;
			buildActionMask = 2147483647;
			files = (
			);
			inputPaths = (
			);
			name = "Embed Pods Frameworks";
			outputPaths = (
			);
			runOnlyForDeploymentPostprocessing = 0;
			shellPath = /bin/sh;
			shellScript = "\"${SRCROOT}/Pods/Target Support Files/Pods/Pods-frameworks.sh\"\n";
			showEnvVarsInLog = 0;
		};
		91BA4DD643FA724E22E9F8C8 /* Copy Pods Resources */ = {
			isa = PBXShellScriptBuildPhase;
			buildActionMask = 2147483647;
			files = (
			);
			inputPaths = (
			);
			name = "Copy Pods Resources";
			outputPaths = (
			);
			runOnlyForDeploymentPostprocessing = 0;
			shellPath = /bin/sh;
			shellScript = "\"${SRCROOT}/Pods/Target Support Files/Pods/Pods-resources.sh\"\n";
			showEnvVarsInLog = 0;
		};
		B1DA58EA17F6B979F90D7936 /* Check Pods Manifest.lock */ = {
			isa = PBXShellScriptBuildPhase;
			buildActionMask = 2147483647;
			files = (
			);
			inputPaths = (
			);
			name = "Check Pods Manifest.lock";
			outputPaths = (
			);
			runOnlyForDeploymentPostprocessing = 0;
			shellPath = /bin/sh;
			shellScript = "diff \"${PODS_ROOT}/../Podfile.lock\" \"${PODS_ROOT}/Manifest.lock\" > /dev/null\nif [[ $? != 0 ]] ; then\n    cat << EOM\nerror: The sandbox is not in sync with the Podfile.lock. Run 'pod install' or update your CocoaPods installation.\nEOM\n    exit 1\nfi\n";
			showEnvVarsInLog = 0;
		};
/* End PBXShellScriptBuildPhase section */

/* Begin PBXSourcesBuildPhase section */
		8540338E1CB4285F00C0C7FD /* Sources */ = {
			isa = PBXSourcesBuildPhase;
			buildActionMask = 2147483647;
			files = (
				854033981CB4285F00C0C7FD /* ViewController.swift in Sources */,
				854033961CB4285F00C0C7FD /* AppDelegate.swift in Sources */,
			);
			runOnlyForDeploymentPostprocessing = 0;
		};
		854033A21CB4285F00C0C7FD /* Sources */ = {
			isa = PBXSourcesBuildPhase;
			buildActionMask = 2147483647;
			files = (
				854033AB1CB4285F00C0C7FD /* ScoutTests.swift in Sources */,
			);
			runOnlyForDeploymentPostprocessing = 0;
		};
		854033AD1CB4285F00C0C7FD /* Sources */ = {
			isa = PBXSourcesBuildPhase;
			buildActionMask = 2147483647;
			files = (
				854033B61CB4285F00C0C7FD /* ScoutUITests.swift in Sources */,
			);
			runOnlyForDeploymentPostprocessing = 0;
		};
/* End PBXSourcesBuildPhase section */

/* Begin PBXTargetDependency section */
		854033A81CB4285F00C0C7FD /* PBXTargetDependency */ = {
			isa = PBXTargetDependency;
			target = 854033911CB4285F00C0C7FD /* Scout */;
			targetProxy = 854033A71CB4285F00C0C7FD /* PBXContainerItemProxy */;
		};
		854033B31CB4285F00C0C7FD /* PBXTargetDependency */ = {
			isa = PBXTargetDependency;
			target = 854033911CB4285F00C0C7FD /* Scout */;
			targetProxy = 854033B21CB4285F00C0C7FD /* PBXContainerItemProxy */;
		};
/* End PBXTargetDependency section */

/* Begin PBXVariantGroup section */
		854033991CB4285F00C0C7FD /* Main.storyboard */ = {
			isa = PBXVariantGroup;
			children = (
				8540339A1CB4285F00C0C7FD /* Base */,
			);
			name = Main.storyboard;
			sourceTree = "<group>";
		};
		8540339E1CB4285F00C0C7FD /* LaunchScreen.storyboard */ = {
			isa = PBXVariantGroup;
			children = (
				8540339F1CB4285F00C0C7FD /* Base */,
			);
			name = LaunchScreen.storyboard;
			sourceTree = "<group>";
		};
/* End PBXVariantGroup section */

/* Begin XCBuildConfiguration section */
		854033B81CB4285F00C0C7FD /* Debug */ = {
			isa = XCBuildConfiguration;
			buildSettings = {
				ALWAYS_SEARCH_USER_PATHS = NO;
				CLANG_ANALYZER_NONNULL = YES;
				CLANG_CXX_LANGUAGE_STANDARD = "gnu++0x";
				CLANG_CXX_LIBRARY = "libc++";
				CLANG_ENABLE_MODULES = YES;
				CLANG_ENABLE_OBJC_ARC = YES;
				CLANG_WARN_BOOL_CONVERSION = YES;
				CLANG_WARN_CONSTANT_CONVERSION = YES;
				CLANG_WARN_DIRECT_OBJC_ISA_USAGE = YES_ERROR;
				CLANG_WARN_EMPTY_BODY = YES;
				CLANG_WARN_ENUM_CONVERSION = YES;
				CLANG_WARN_INT_CONVERSION = YES;
				CLANG_WARN_OBJC_ROOT_CLASS = YES_ERROR;
				CLANG_WARN_UNREACHABLE_CODE = YES;
				CLANG_WARN__DUPLICATE_METHOD_MATCH = YES;
				"CODE_SIGN_IDENTITY[sdk=iphoneos*]" = "iPhone Developer";
				COPY_PHASE_STRIP = NO;
				DEBUG_INFORMATION_FORMAT = dwarf;
				ENABLE_STRICT_OBJC_MSGSEND = YES;
				ENABLE_TESTABILITY = YES;
				GCC_C_LANGUAGE_STANDARD = gnu99;
				GCC_DYNAMIC_NO_PIC = NO;
				GCC_NO_COMMON_BLOCKS = YES;
				GCC_OPTIMIZATION_LEVEL = 0;
				GCC_PREPROCESSOR_DEFINITIONS = (
					"DEBUG=1",
					"$(inherited)",
				);
				GCC_WARN_64_TO_32_BIT_CONVERSION = YES;
				GCC_WARN_ABOUT_RETURN_TYPE = YES_ERROR;
				GCC_WARN_UNDECLARED_SELECTOR = YES;
				GCC_WARN_UNINITIALIZED_AUTOS = YES_AGGRESSIVE;
				GCC_WARN_UNUSED_FUNCTION = YES;
				GCC_WARN_UNUSED_VARIABLE = YES;
				IPHONEOS_DEPLOYMENT_TARGET = 9.3;
				MTL_ENABLE_DEBUG_INFO = YES;
				ONLY_ACTIVE_ARCH = YES;
				SDKROOT = iphoneos;
				SWIFT_OPTIMIZATION_LEVEL = "-Onone";
			};
			name = Debug;
		};
		854033B91CB4285F00C0C7FD /* Release */ = {
			isa = XCBuildConfiguration;
			buildSettings = {
				ALWAYS_SEARCH_USER_PATHS = NO;
				CLANG_ANALYZER_NONNULL = YES;
				CLANG_CXX_LANGUAGE_STANDARD = "gnu++0x";
				CLANG_CXX_LIBRARY = "libc++";
				CLANG_ENABLE_MODULES = YES;
				CLANG_ENABLE_OBJC_ARC = YES;
				CLANG_WARN_BOOL_CONVERSION = YES;
				CLANG_WARN_CONSTANT_CONVERSION = YES;
				CLANG_WARN_DIRECT_OBJC_ISA_USAGE = YES_ERROR;
				CLANG_WARN_EMPTY_BODY = YES;
				CLANG_WARN_ENUM_CONVERSION = YES;
				CLANG_WARN_INT_CONVERSION = YES;
				CLANG_WARN_OBJC_ROOT_CLASS = YES_ERROR;
				CLANG_WARN_UNREACHABLE_CODE = YES;
				CLANG_WARN__DUPLICATE_METHOD_MATCH = YES;
				"CODE_SIGN_IDENTITY[sdk=iphoneos*]" = "iPhone Developer";
				COPY_PHASE_STRIP = NO;
				DEBUG_INFORMATION_FORMAT = "dwarf-with-dsym";
				ENABLE_NS_ASSERTIONS = NO;
				ENABLE_STRICT_OBJC_MSGSEND = YES;
				GCC_C_LANGUAGE_STANDARD = gnu99;
				GCC_NO_COMMON_BLOCKS = YES;
				GCC_WARN_64_TO_32_BIT_CONVERSION = YES;
				GCC_WARN_ABOUT_RETURN_TYPE = YES_ERROR;
				GCC_WARN_UNDECLARED_SELECTOR = YES;
				GCC_WARN_UNINITIALIZED_AUTOS = YES_AGGRESSIVE;
				GCC_WARN_UNUSED_FUNCTION = YES;
				GCC_WARN_UNUSED_VARIABLE = YES;
				IPHONEOS_DEPLOYMENT_TARGET = 9.3;
				MTL_ENABLE_DEBUG_INFO = NO;
				SDKROOT = iphoneos;
				VALIDATE_PRODUCT = YES;
			};
			name = Release;
		};
		854033BB1CB4285F00C0C7FD /* Debug */ = {
			isa = XCBuildConfiguration;
			baseConfigurationReference = 186FF89BE6D121DEF0D90A25 /* Pods.debug.xcconfig */;
			buildSettings = {
				ASSETCATALOG_COMPILER_APPICON_NAME = AppIcon;
				INFOPLIST_FILE = Scout/Info.plist;
				LD_RUNPATH_SEARCH_PATHS = "$(inherited) @executable_path/Frameworks";
				PRODUCT_BUNDLE_IDENTIFIER = "UWIT-ACA.Scout";
				PRODUCT_NAME = "$(TARGET_NAME)";
			};
			name = Debug;
		};
		854033BC1CB4285F00C0C7FD /* Release */ = {
			isa = XCBuildConfiguration;
			baseConfigurationReference = 9FA66CFFAC2BBD18A1C06C38 /* Pods.release.xcconfig */;
			buildSettings = {
				ASSETCATALOG_COMPILER_APPICON_NAME = AppIcon;
				INFOPLIST_FILE = Scout/Info.plist;
				LD_RUNPATH_SEARCH_PATHS = "$(inherited) @executable_path/Frameworks";
				PRODUCT_BUNDLE_IDENTIFIER = "UWIT-ACA.Scout";
				PRODUCT_NAME = "$(TARGET_NAME)";
			};
			name = Release;
		};
		854033BE1CB4285F00C0C7FD /* Debug */ = {
			isa = XCBuildConfiguration;
			buildSettings = {
				BUNDLE_LOADER = "$(TEST_HOST)";
				INFOPLIST_FILE = ScoutTests/Info.plist;
				LD_RUNPATH_SEARCH_PATHS = "$(inherited) @executable_path/Frameworks @loader_path/Frameworks";
				PRODUCT_BUNDLE_IDENTIFIER = "UWIT-ACA.ScoutTests";
				PRODUCT_NAME = "$(TARGET_NAME)";
				TEST_HOST = "$(BUILT_PRODUCTS_DIR)/Scout.app/Scout";
			};
			name = Debug;
		};
		854033BF1CB4285F00C0C7FD /* Release */ = {
			isa = XCBuildConfiguration;
			buildSettings = {
				BUNDLE_LOADER = "$(TEST_HOST)";
				INFOPLIST_FILE = ScoutTests/Info.plist;
				LD_RUNPATH_SEARCH_PATHS = "$(inherited) @executable_path/Frameworks @loader_path/Frameworks";
				PRODUCT_BUNDLE_IDENTIFIER = "UWIT-ACA.ScoutTests";
				PRODUCT_NAME = "$(TARGET_NAME)";
				TEST_HOST = "$(BUILT_PRODUCTS_DIR)/Scout.app/Scout";
			};
			name = Release;
		};
		854033C11CB4285F00C0C7FD /* Debug */ = {
			isa = XCBuildConfiguration;
			buildSettings = {
				INFOPLIST_FILE = ScoutUITests/Info.plist;
				LD_RUNPATH_SEARCH_PATHS = "$(inherited) @executable_path/Frameworks @loader_path/Frameworks";
				PRODUCT_BUNDLE_IDENTIFIER = "UWIT-ACA.ScoutUITests";
				PRODUCT_NAME = "$(TARGET_NAME)";
				TEST_TARGET_NAME = Scout;
			};
			name = Debug;
		};
		854033C21CB4285F00C0C7FD /* Release */ = {
			isa = XCBuildConfiguration;
			buildSettings = {
				INFOPLIST_FILE = ScoutUITests/Info.plist;
				LD_RUNPATH_SEARCH_PATHS = "$(inherited) @executable_path/Frameworks @loader_path/Frameworks";
				PRODUCT_BUNDLE_IDENTIFIER = "UWIT-ACA.ScoutUITests";
				PRODUCT_NAME = "$(TARGET_NAME)";
				TEST_TARGET_NAME = Scout;
			};
			name = Release;
		};
/* End XCBuildConfiguration section */

/* Begin XCConfigurationList section */
		8540338D1CB4285F00C0C7FD /* Build configuration list for PBXProject "Scout" */ = {
			isa = XCConfigurationList;
			buildConfigurations = (
				854033B81CB4285F00C0C7FD /* Debug */,
				854033B91CB4285F00C0C7FD /* Release */,
			);
			defaultConfigurationIsVisible = 0;
			defaultConfigurationName = Release;
		};
		854033BA1CB4285F00C0C7FD /* Build configuration list for PBXNativeTarget "Scout" */ = {
			isa = XCConfigurationList;
			buildConfigurations = (
				854033BB1CB4285F00C0C7FD /* Debug */,
				854033BC1CB4285F00C0C7FD /* Release */,
			);
			defaultConfigurationIsVisible = 0;
			defaultConfigurationName = Release;
		};
		854033BD1CB4285F00C0C7FD /* Build configuration list for PBXNativeTarget "ScoutTests" */ = {
			isa = XCConfigurationList;
			buildConfigurations = (
				854033BE1CB4285F00C0C7FD /* Debug */,
				854033BF1CB4285F00C0C7FD /* Release */,
			);
			defaultConfigurationIsVisible = 0;
			defaultConfigurationName = Release;
		};
		854033C01CB4285F00C0C7FD /* Build configuration list for PBXNativeTarget "ScoutUITests" */ = {
			isa = XCConfigurationList;
			buildConfigurations = (
				854033C11CB4285F00C0C7FD /* Debug */,
				854033C21CB4285F00C0C7FD /* Release */,
			);
			defaultConfigurationIsVisible = 0;
			defaultConfigurationName = Release;
		};
/* End XCConfigurationList section */
	};
	rootObject = 8540338A1CB4285F00C0C7FD /* Project object */;
}
